
Microsoft Visual Studio Solution File, Format Version 12.00
# Visual Studio 15
VisualStudioVersion = 15.0.28307.271
MinimumVisualStudioVersion = 10.0.40219.1
Project("{8BC9CEB8-8B4A-11D0-8D11-00A0C91BC942}") = "c++11play", "c++11play.vcxproj", "{3834F151-8E0F-43FD-95DD-350EA85DF648}"
EndProject
Global
	GlobalSection(SolutionConfigurationPlatforms) = preSolution
		Debug|x64 = Debug|x64
		Debug|x86 = Debug|x86
		Release|x64 = Release|x64
		Release|x86 = Release|x86
	EndGlobalSection
	GlobalSection(ProjectConfigurationPlatforms) = postSolution
		{3834F151-8E0F-43FD-95DD-350EA85DF648}.Debug|x64.ActiveCfg = Debug|x64
		{3834F151-8E0F-43FD-95DD-350EA85DF648}.Debug|x64.Build.0 = Debug|x64
		{3834F151-8E0F-43FD-95DD-350EA85DF648}.Debug|x86.ActiveCfg = Debug|Win32
		{3834F151-8E0F-43FD-95DD-350EA85DF648}.Debug|x86.Build.0 = Debug|Win32
		{3834F151-8E0F-43FD-95DD-350EA85DF648}.Release|x64.ActiveCfg = Release|x64
		{3834F151-8E0F-43FD-95DD-350EA85DF648}.Release|x64.Build.0 = Release|x64
		{3834F151-8E0F-43FD-95DD-350EA85DF648}.Release|x86.ActiveCfg = Release|Win32
		{3834F151-8E0F-43FD-95DD-350EA85DF648}.Release|x86.Build.0 = Release|Win32
	EndGlobalSection
	GlobalSection(SolutionProperties) = preSolution
		HideSolutionNode = FALSE
	EndGlobalSection
	GlobalSection(ExtensibilityGlobals) = postSolution
		SolutionGuid = {4A967EAA-DC74-4A9B-9A88-32E428FE49F3}
	EndGlobalSection
EndGlobal
